// !$*UTF8*$!
{
	archiveVersion = 1;
	classes = {
	};
	objectVersion = 50;
	objects = {

/* Begin PBXBuildFile section */
		808D1DF526DC42C900BE13A0 /* SearchAPIProtocol.swift in Sources */ = {isa = PBXBuildFile; fileRef = 808D1DF426DC42C900BE13A0 /* SearchAPIProtocol.swift */; };
		808D1DF726DC44B400BE13A0 /* SearchRepositoryProtocol.swift in Sources */ = {isa = PBXBuildFile; fileRef = 808D1DF626DC44B400BE13A0 /* SearchRepositoryProtocol.swift */; };
		808D1DF926DC48F200BE13A0 /* FavoritesViewModelProtocol.swift in Sources */ = {isa = PBXBuildFile; fileRef = 808D1DF826DC48F200BE13A0 /* FavoritesViewModelProtocol.swift */; };
		808F4E7E26DBB8910079E76B /* LikeButton.swift in Sources */ = {isa = PBXBuildFile; fileRef = 808F4E7D26DBB8910079E76B /* LikeButton.swift */; };
		80A6D53926DB212500BEEF4C /* AppDelegate.swift in Sources */ = {isa = PBXBuildFile; fileRef = 80A6D53826DB212500BEEF4C /* AppDelegate.swift */; };
		80A6D53B26DB212500BEEF4C /* SceneDelegate.swift in Sources */ = {isa = PBXBuildFile; fileRef = 80A6D53A26DB212500BEEF4C /* SceneDelegate.swift */; };
		80A6D53D26DB212500BEEF4C /* MainView.swift in Sources */ = {isa = PBXBuildFile; fileRef = 80A6D53C26DB212500BEEF4C /* MainView.swift */; };
		80A6D54026DB212500BEEF4C /* Book_Search.xcdatamodeld in Sources */ = {isa = PBXBuildFile; fileRef = 80A6D53E26DB212500BEEF4C /* Book_Search.xcdatamodeld */; };
		80A6D54226DB212800BEEF4C /* Assets.xcassets in Resources */ = {isa = PBXBuildFile; fileRef = 80A6D54126DB212800BEEF4C /* Assets.xcassets */; };
		80A6D54526DB212800BEEF4C /* Preview Assets.xcassets in Resources */ = {isa = PBXBuildFile; fileRef = 80A6D54426DB212800BEEF4C /* Preview Assets.xcassets */; };
		80A6D54826DB212800BEEF4C /* LaunchScreen.storyboard in Resources */ = {isa = PBXBuildFile; fileRef = 80A6D54626DB212800BEEF4C /* LaunchScreen.storyboard */; };
		80A6D55326DB212800BEEF4C /* Book_SearchTests.swift in Sources */ = {isa = PBXBuildFile; fileRef = 80A6D55226DB212800BEEF4C /* Book_SearchTests.swift */; };
		80A6D55E26DB212800BEEF4C /* Book_SearchUITests.swift in Sources */ = {isa = PBXBuildFile; fileRef = 80A6D55D26DB212800BEEF4C /* Book_SearchUITests.swift */; };
		80A6D57626DB24FC00BEEF4C /* SearchView.swift in Sources */ = {isa = PBXBuildFile; fileRef = 80A6D57526DB24FC00BEEF4C /* SearchView.swift */; };
		80A6D57826DB251600BEEF4C /* FavoritesView.swift in Sources */ = {isa = PBXBuildFile; fileRef = 80A6D57726DB251600BEEF4C /* FavoritesView.swift */; };
		80A6D57A26DB28E300BEEF4C /* SearchViewModel.swift in Sources */ = {isa = PBXBuildFile; fileRef = 80A6D57926DB28E300BEEF4C /* SearchViewModel.swift */; };
		80A6D57C26DB296C00BEEF4C /* SearchRepository.swift in Sources */ = {isa = PBXBuildFile; fileRef = 80A6D57B26DB296C00BEEF4C /* SearchRepository.swift */; };
		80A6D57E26DB29A900BEEF4C /* Book.swift in Sources */ = {isa = PBXBuildFile; fileRef = 80A6D57D26DB29A900BEEF4C /* Book.swift */; };
		80A6D58026DB29C300BEEF4C /* SearchAPI.swift in Sources */ = {isa = PBXBuildFile; fileRef = 80A6D57F26DB29C300BEEF4C /* SearchAPI.swift */; };
		80A6D58226DB29E000BEEF4C /* NetworkManager.swift in Sources */ = {isa = PBXBuildFile; fileRef = 80A6D58126DB29E000BEEF4C /* NetworkManager.swift */; };
		80A6D58426DB2A4200BEEF4C /* Log.swift in Sources */ = {isa = PBXBuildFile; fileRef = 80A6D58326DB2A4200BEEF4C /* Log.swift */; };
		80A6D58A26DB304F00BEEF4C /* APIDefaults.swift in Sources */ = {isa = PBXBuildFile; fileRef = 80A6D58926DB304F00BEEF4C /* APIDefaults.swift */; };
		80A6D58C26DB30EE00BEEF4C /* Search.swift in Sources */ = {isa = PBXBuildFile; fileRef = 80A6D58B26DB30EE00BEEF4C /* Search.swift */; };
		80A6D58F26DB9EA400BEEF4C /* BooksList.swift in Sources */ = {isa = PBXBuildFile; fileRef = 80A6D58E26DB9EA400BEEF4C /* BooksList.swift */; };
		80A6D59126DB9F1000BEEF4C /* BookCell.swift in Sources */ = {isa = PBXBuildFile; fileRef = 80A6D59026DB9F1000BEEF4C /* BookCell.swift */; };
		80A6D59426DB9F5B00BEEF4C /* AsyncImage.swift in Sources */ = {isa = PBXBuildFile; fileRef = 80A6D59326DB9F5B00BEEF4C /* AsyncImage.swift */; };
		80A6D59626DB9F7F00BEEF4C /* ImageLoader.swift in Sources */ = {isa = PBXBuildFile; fileRef = 80A6D59526DB9F7F00BEEF4C /* ImageLoader.swift */; };
		80A6D59826DB9FA600BEEF4C /* EnvironmentValues+ImageCache.swift in Sources */ = {isa = PBXBuildFile; fileRef = 80A6D59726DB9FA600BEEF4C /* EnvironmentValues+ImageCache.swift */; };
		80A6D59A26DB9FC800BEEF4C /* ImageCache.swift in Sources */ = {isa = PBXBuildFile; fileRef = 80A6D59926DB9FC800BEEF4C /* ImageCache.swift */; };
		80A6D59C26DBA1D000BEEF4C /* FavoritesViewModel.swift in Sources */ = {isa = PBXBuildFile; fileRef = 80A6D59B26DBA1D000BEEF4C /* FavoritesViewModel.swift */; };
		80A6D59E26DBA30C00BEEF4C /* FavoritesRepository.swift in Sources */ = {isa = PBXBuildFile; fileRef = 80A6D59D26DBA30C00BEEF4C /* FavoritesRepository.swift */; };
		80A6D5A026DBA48B00BEEF4C /* CoreDataContextMananger.swift in Sources */ = {isa = PBXBuildFile; fileRef = 80A6D59F26DBA48A00BEEF4C /* CoreDataContextMananger.swift */; };
		80A6D5A326DBA65100BEEF4C /* CoreDataRepositoryProtocol.swift in Sources */ = {isa = PBXBuildFile; fileRef = 80A6D5A226DBA65100BEEF4C /* CoreDataRepositoryProtocol.swift */; };
/* End PBXBuildFile section */

/* Begin PBXContainerItemProxy section */
		80A6D54F26DB212800BEEF4C /* PBXContainerItemProxy */ = {
			isa = PBXContainerItemProxy;
			containerPortal = 80A6D52D26DB212500BEEF4C /* Project object */;
			proxyType = 1;
			remoteGlobalIDString = 80A6D53426DB212500BEEF4C;
			remoteInfo = "Book Search";
		};
		80A6D55A26DB212800BEEF4C /* PBXContainerItemProxy */ = {
			isa = PBXContainerItemProxy;
			containerPortal = 80A6D52D26DB212500BEEF4C /* Project object */;
			proxyType = 1;
			remoteGlobalIDString = 80A6D53426DB212500BEEF4C;
			remoteInfo = "Book Search";
		};
/* End PBXContainerItemProxy section */

/* Begin PBXFileReference section */
		808D1DF426DC42C900BE13A0 /* SearchAPIProtocol.swift */ = {isa = PBXFileReference; lastKnownFileType = sourcecode.swift; path = SearchAPIProtocol.swift; sourceTree = "<group>"; };
		808D1DF626DC44B400BE13A0 /* SearchRepositoryProtocol.swift */ = {isa = PBXFileReference; lastKnownFileType = sourcecode.swift; path = SearchRepositoryProtocol.swift; sourceTree = "<group>"; };
		808D1DF826DC48F200BE13A0 /* FavoritesViewModelProtocol.swift */ = {isa = PBXFileReference; lastKnownFileType = sourcecode.swift; path = FavoritesViewModelProtocol.swift; sourceTree = "<group>"; };
		808F4E7D26DBB8910079E76B /* LikeButton.swift */ = {isa = PBXFileReference; lastKnownFileType = sourcecode.swift; path = LikeButton.swift; sourceTree = "<group>"; };
		80A6D53526DB212500BEEF4C /* Book Search.app */ = {isa = PBXFileReference; explicitFileType = wrapper.application; includeInIndex = 0; path = "Book Search.app"; sourceTree = BUILT_PRODUCTS_DIR; };
		80A6D53826DB212500BEEF4C /* AppDelegate.swift */ = {isa = PBXFileReference; lastKnownFileType = sourcecode.swift; path = AppDelegate.swift; sourceTree = "<group>"; };
		80A6D53A26DB212500BEEF4C /* SceneDelegate.swift */ = {isa = PBXFileReference; lastKnownFileType = sourcecode.swift; path = SceneDelegate.swift; sourceTree = "<group>"; };
		80A6D53C26DB212500BEEF4C /* MainView.swift */ = {isa = PBXFileReference; lastKnownFileType = sourcecode.swift; path = MainView.swift; sourceTree = "<group>"; };
		80A6D53F26DB212500BEEF4C /* Book_Search.xcdatamodel */ = {isa = PBXFileReference; lastKnownFileType = wrapper.xcdatamodel; path = Book_Search.xcdatamodel; sourceTree = "<group>"; };
		80A6D54126DB212800BEEF4C /* Assets.xcassets */ = {isa = PBXFileReference; lastKnownFileType = folder.assetcatalog; path = Assets.xcassets; sourceTree = "<group>"; };
		80A6D54426DB212800BEEF4C /* Preview Assets.xcassets */ = {isa = PBXFileReference; lastKnownFileType = folder.assetcatalog; path = "Preview Assets.xcassets"; sourceTree = "<group>"; };
		80A6D54726DB212800BEEF4C /* Base */ = {isa = PBXFileReference; lastKnownFileType = file.storyboard; name = Base; path = Base.lproj/LaunchScreen.storyboard; sourceTree = "<group>"; };
		80A6D54926DB212800BEEF4C /* Info.plist */ = {isa = PBXFileReference; lastKnownFileType = text.plist.xml; path = Info.plist; sourceTree = "<group>"; };
		80A6D54E26DB212800BEEF4C /* Book SearchTests.xctest */ = {isa = PBXFileReference; explicitFileType = wrapper.cfbundle; includeInIndex = 0; path = "Book SearchTests.xctest"; sourceTree = BUILT_PRODUCTS_DIR; };
		80A6D55226DB212800BEEF4C /* Book_SearchTests.swift */ = {isa = PBXFileReference; lastKnownFileType = sourcecode.swift; path = Book_SearchTests.swift; sourceTree = "<group>"; };
		80A6D55426DB212800BEEF4C /* Info.plist */ = {isa = PBXFileReference; lastKnownFileType = text.plist.xml; path = Info.plist; sourceTree = "<group>"; };
		80A6D55926DB212800BEEF4C /* Book SearchUITests.xctest */ = {isa = PBXFileReference; explicitFileType = wrapper.cfbundle; includeInIndex = 0; path = "Book SearchUITests.xctest"; sourceTree = BUILT_PRODUCTS_DIR; };
		80A6D55D26DB212800BEEF4C /* Book_SearchUITests.swift */ = {isa = PBXFileReference; lastKnownFileType = sourcecode.swift; path = Book_SearchUITests.swift; sourceTree = "<group>"; };
		80A6D55F26DB212800BEEF4C /* Info.plist */ = {isa = PBXFileReference; lastKnownFileType = text.plist.xml; path = Info.plist; sourceTree = "<group>"; };
		80A6D57526DB24FC00BEEF4C /* SearchView.swift */ = {isa = PBXFileReference; lastKnownFileType = sourcecode.swift; path = SearchView.swift; sourceTree = "<group>"; };
		80A6D57726DB251600BEEF4C /* FavoritesView.swift */ = {isa = PBXFileReference; lastKnownFileType = sourcecode.swift; path = FavoritesView.swift; sourceTree = "<group>"; };
		80A6D57926DB28E300BEEF4C /* SearchViewModel.swift */ = {isa = PBXFileReference; lastKnownFileType = sourcecode.swift; path = SearchViewModel.swift; sourceTree = "<group>"; };
		80A6D57B26DB296C00BEEF4C /* SearchRepository.swift */ = {isa = PBXFileReference; lastKnownFileType = sourcecode.swift; path = SearchRepository.swift; sourceTree = "<group>"; };
		80A6D57D26DB29A900BEEF4C /* Book.swift */ = {isa = PBXFileReference; lastKnownFileType = sourcecode.swift; path = Book.swift; sourceTree = "<group>"; };
		80A6D57F26DB29C300BEEF4C /* SearchAPI.swift */ = {isa = PBXFileReference; lastKnownFileType = sourcecode.swift; path = SearchAPI.swift; sourceTree = "<group>"; };
		80A6D58126DB29E000BEEF4C /* NetworkManager.swift */ = {isa = PBXFileReference; lastKnownFileType = sourcecode.swift; path = NetworkManager.swift; sourceTree = "<group>"; };
		80A6D58326DB2A4200BEEF4C /* Log.swift */ = {isa = PBXFileReference; lastKnownFileType = sourcecode.swift; path = Log.swift; sourceTree = "<group>"; };
		80A6D58926DB304F00BEEF4C /* APIDefaults.swift */ = {isa = PBXFileReference; lastKnownFileType = sourcecode.swift; path = APIDefaults.swift; sourceTree = "<group>"; };
		80A6D58B26DB30EE00BEEF4C /* Search.swift */ = {isa = PBXFileReference; lastKnownFileType = sourcecode.swift; path = Search.swift; sourceTree = "<group>"; };
		80A6D58E26DB9EA400BEEF4C /* BooksList.swift */ = {isa = PBXFileReference; lastKnownFileType = sourcecode.swift; path = BooksList.swift; sourceTree = "<group>"; };
		80A6D59026DB9F1000BEEF4C /* BookCell.swift */ = {isa = PBXFileReference; lastKnownFileType = sourcecode.swift; path = BookCell.swift; sourceTree = "<group>"; };
		80A6D59326DB9F5B00BEEF4C /* AsyncImage.swift */ = {isa = PBXFileReference; lastKnownFileType = sourcecode.swift; path = AsyncImage.swift; sourceTree = "<group>"; };
		80A6D59526DB9F7F00BEEF4C /* ImageLoader.swift */ = {isa = PBXFileReference; lastKnownFileType = sourcecode.swift; path = ImageLoader.swift; sourceTree = "<group>"; };
		80A6D59726DB9FA600BEEF4C /* EnvironmentValues+ImageCache.swift */ = {isa = PBXFileReference; lastKnownFileType = sourcecode.swift; path = "EnvironmentValues+ImageCache.swift"; sourceTree = "<group>"; };
		80A6D59926DB9FC800BEEF4C /* ImageCache.swift */ = {isa = PBXFileReference; lastKnownFileType = sourcecode.swift; path = ImageCache.swift; sourceTree = "<group>"; };
		80A6D59B26DBA1D000BEEF4C /* FavoritesViewModel.swift */ = {isa = PBXFileReference; lastKnownFileType = sourcecode.swift; path = FavoritesViewModel.swift; sourceTree = "<group>"; };
		80A6D59D26DBA30C00BEEF4C /* FavoritesRepository.swift */ = {isa = PBXFileReference; lastKnownFileType = sourcecode.swift; path = FavoritesRepository.swift; sourceTree = "<group>"; };
		80A6D59F26DBA48A00BEEF4C /* CoreDataContextMananger.swift */ = {isa = PBXFileReference; lastKnownFileType = sourcecode.swift; path = CoreDataContextMananger.swift; sourceTree = "<group>"; };
		80A6D5A226DBA65100BEEF4C /* CoreDataRepositoryProtocol.swift */ = {isa = PBXFileReference; lastKnownFileType = sourcecode.swift; path = CoreDataRepositoryProtocol.swift; sourceTree = "<group>"; };
/* End PBXFileReference section */

/* Begin PBXFrameworksBuildPhase section */
		80A6D53226DB212500BEEF4C /* Frameworks */ = {
			isa = PBXFrameworksBuildPhase;
			buildActionMask = 2147483647;
			files = (
			);
			runOnlyForDeploymentPostprocessing = 0;
		};
		80A6D54B26DB212800BEEF4C /* Frameworks */ = {
			isa = PBXFrameworksBuildPhase;
			buildActionMask = 2147483647;
			files = (
			);
			runOnlyForDeploymentPostprocessing = 0;
		};
		80A6D55626DB212800BEEF4C /* Frameworks */ = {
			isa = PBXFrameworksBuildPhase;
			buildActionMask = 2147483647;
			files = (
			);
			runOnlyForDeploymentPostprocessing = 0;
		};
/* End PBXFrameworksBuildPhase section */

/* Begin PBXGroup section */
		808F4E7C26DBB87A0079E76B /* LikeButton */ = {
			isa = PBXGroup;
			children = (
				808F4E7D26DBB8910079E76B /* LikeButton.swift */,
			);
			path = LikeButton;
			sourceTree = "<group>";
		};
		80A6D52C26DB212500BEEF4C = {
			isa = PBXGroup;
			children = (
				80A6D53726DB212500BEEF4C /* Book Search */,
				80A6D55126DB212800BEEF4C /* Book SearchTests */,
				80A6D55C26DB212800BEEF4C /* Book SearchUITests */,
				80A6D53626DB212500BEEF4C /* Products */,
			);
			sourceTree = "<group>";
		};
		80A6D53626DB212500BEEF4C /* Products */ = {
			isa = PBXGroup;
			children = (
				80A6D53526DB212500BEEF4C /* Book Search.app */,
				80A6D54E26DB212800BEEF4C /* Book SearchTests.xctest */,
				80A6D55926DB212800BEEF4C /* Book SearchUITests.xctest */,
			);
			name = Products;
			sourceTree = "<group>";
		};
		80A6D53726DB212500BEEF4C /* Book Search */ = {
			isa = PBXGroup;
			children = (
				80A6D56B26DB231300BEEF4C /* Delegate */,
				80A6D57126DB236700BEEF4C /* Helper */,
				80A6D57026DB236100BEEF4C /* Views */,
				80A6D56F26DB235C00BEEF4C /* Model */,
				80A6D56E26DB234E00BEEF4C /* Manager */,
				80A6D56D26DB234700BEEF4C /* Screens */,
				80A6D56C26DB232400BEEF4C /* Resources */,
				80A6D53E26DB212500BEEF4C /* Book_Search.xcdatamodeld */,
				80A6D54326DB212800BEEF4C /* Preview Content */,
			);
			path = "Book Search";
			sourceTree = "<group>";
		};
		80A6D54326DB212800BEEF4C /* Preview Content */ = {
			isa = PBXGroup;
			children = (
				80A6D54426DB212800BEEF4C /* Preview Assets.xcassets */,
			);
			path = "Preview Content";
			sourceTree = "<group>";
		};
		80A6D55126DB212800BEEF4C /* Book SearchTests */ = {
			isa = PBXGroup;
			children = (
				80A6D55226DB212800BEEF4C /* Book_SearchTests.swift */,
				80A6D55426DB212800BEEF4C /* Info.plist */,
			);
			path = "Book SearchTests";
			sourceTree = "<group>";
		};
		80A6D55C26DB212800BEEF4C /* Book SearchUITests */ = {
			isa = PBXGroup;
			children = (
				80A6D55D26DB212800BEEF4C /* Book_SearchUITests.swift */,
				80A6D55F26DB212800BEEF4C /* Info.plist */,
			);
			path = "Book SearchUITests";
			sourceTree = "<group>";
		};
		80A6D56B26DB231300BEEF4C /* Delegate */ = {
			isa = PBXGroup;
			children = (
				80A6D53826DB212500BEEF4C /* AppDelegate.swift */,
				80A6D53A26DB212500BEEF4C /* SceneDelegate.swift */,
			);
			path = Delegate;
			sourceTree = "<group>";
		};
		80A6D56C26DB232400BEEF4C /* Resources */ = {
			isa = PBXGroup;
			children = (
				80A6D54926DB212800BEEF4C /* Info.plist */,
				80A6D54626DB212800BEEF4C /* LaunchScreen.storyboard */,
				80A6D54126DB212800BEEF4C /* Assets.xcassets */,
			);
			path = Resources;
			sourceTree = "<group>";
		};
		80A6D56D26DB234700BEEF4C /* Screens */ = {
			isa = PBXGroup;
			children = (
				80A6D57226DB244D00BEEF4C /* Main */,
				80A6D57326DB24D600BEEF4C /* Search */,
				80A6D57426DB24E200BEEF4C /* Favorites */,
			);
			path = Screens;
			sourceTree = "<group>";
		};
		80A6D56E26DB234E00BEEF4C /* Manager */ = {
			isa = PBXGroup;
			children = (
				80A6D5A126DBA64500BEEF4C /* CoreData */,
				80A6D58526DB2FD700BEEF4C /* Network */,
			);
			path = Manager;
			sourceTree = "<group>";
		};
		80A6D56F26DB235C00BEEF4C /* Model */ = {
			isa = PBXGroup;
			children = (
				80A6D57D26DB29A900BEEF4C /* Book.swift */,
				80A6D58B26DB30EE00BEEF4C /* Search.swift */,
			);
			path = Model;
			sourceTree = "<group>";
		};
		80A6D57026DB236100BEEF4C /* Views */ = {
			isa = PBXGroup;
			children = (
				808F4E7C26DBB87A0079E76B /* LikeButton */,
				80A6D59226DB9F4200BEEF4C /* AsyncImage */,
			);
			path = Views;
			sourceTree = "<group>";
		};
		80A6D57126DB236700BEEF4C /* Helper */ = {
			isa = PBXGroup;
			children = (
				80A6D58326DB2A4200BEEF4C /* Log.swift */,
				80A6D58926DB304F00BEEF4C /* APIDefaults.swift */,
			);
			path = Helper;
			sourceTree = "<group>";
		};
		80A6D57226DB244D00BEEF4C /* Main */ = {
			isa = PBXGroup;
			children = (
				80A6D53C26DB212500BEEF4C /* MainView.swift */,
			);
			path = Main;
			sourceTree = "<group>";
		};
		80A6D57326DB24D600BEEF4C /* Search */ = {
			isa = PBXGroup;
			children = (
				80A6D58D26DB9E9000BEEF4C /* Components */,
				80A6D57526DB24FC00BEEF4C /* SearchView.swift */,
				80A6D57926DB28E300BEEF4C /* SearchViewModel.swift */,
				80A6D57B26DB296C00BEEF4C /* SearchRepository.swift */,
				808D1DF626DC44B400BE13A0 /* SearchRepositoryProtocol.swift */,
				80A6D57F26DB29C300BEEF4C /* SearchAPI.swift */,
				808D1DF426DC42C900BE13A0 /* SearchAPIProtocol.swift */,
			);
			path = Search;
			sourceTree = "<group>";
		};
		80A6D57426DB24E200BEEF4C /* Favorites */ = {
			isa = PBXGroup;
			children = (
				80A6D57726DB251600BEEF4C /* FavoritesView.swift */,
				80A6D59D26DBA30C00BEEF4C /* FavoritesRepository.swift */,
				80A6D59B26DBA1D000BEEF4C /* FavoritesViewModel.swift */,
				808D1DF826DC48F200BE13A0 /* FavoritesViewModelProtocol.swift */,
			);
			path = Favorites;
			sourceTree = "<group>";
		};
		80A6D58526DB2FD700BEEF4C /* Network */ = {
			isa = PBXGroup;
			children = (
				80A6D58126DB29E000BEEF4C /* NetworkManager.swift */,
			);
			path = Network;
			sourceTree = "<group>";
		};
		80A6D58D26DB9E9000BEEF4C /* Components */ = {
			isa = PBXGroup;
			children = (
				80A6D58E26DB9EA400BEEF4C /* BooksList.swift */,
				80A6D59026DB9F1000BEEF4C /* BookCell.swift */,
			);
			path = Components;
			sourceTree = "<group>";
		};
		80A6D59226DB9F4200BEEF4C /* AsyncImage */ = {
			isa = PBXGroup;
			children = (
				80A6D59326DB9F5B00BEEF4C /* AsyncImage.swift */,
				80A6D59526DB9F7F00BEEF4C /* ImageLoader.swift */,
				80A6D59726DB9FA600BEEF4C /* EnvironmentValues+ImageCache.swift */,
				80A6D59926DB9FC800BEEF4C /* ImageCache.swift */,
			);
			path = AsyncImage;
			sourceTree = "<group>";
		};
		80A6D5A126DBA64500BEEF4C /* CoreData */ = {
			isa = PBXGroup;
			children = (
				80A6D5A226DBA65100BEEF4C /* CoreDataRepositoryProtocol.swift */,
				80A6D59F26DBA48A00BEEF4C /* CoreDataContextMananger.swift */,
			);
			path = CoreData;
			sourceTree = "<group>";
		};
/* End PBXGroup section */

/* Begin PBXNativeTarget section */
		80A6D53426DB212500BEEF4C /* Book Search */ = {
			isa = PBXNativeTarget;
			buildConfigurationList = 80A6D56226DB212800BEEF4C /* Build configuration list for PBXNativeTarget "Book Search" */;
			buildPhases = (
				80A6D53126DB212500BEEF4C /* Sources */,
				80A6D53226DB212500BEEF4C /* Frameworks */,
				80A6D53326DB212500BEEF4C /* Resources */,
			);
			buildRules = (
			);
			dependencies = (
			);
			name = "Book Search";
			productName = "Book Search";
			productReference = 80A6D53526DB212500BEEF4C /* Book Search.app */;
			productType = "com.apple.product-type.application";
		};
		80A6D54D26DB212800BEEF4C /* Book SearchTests */ = {
			isa = PBXNativeTarget;
			buildConfigurationList = 80A6D56526DB212800BEEF4C /* Build configuration list for PBXNativeTarget "Book SearchTests" */;
			buildPhases = (
				80A6D54A26DB212800BEEF4C /* Sources */,
				80A6D54B26DB212800BEEF4C /* Frameworks */,
				80A6D54C26DB212800BEEF4C /* Resources */,
			);
			buildRules = (
			);
			dependencies = (
				80A6D55026DB212800BEEF4C /* PBXTargetDependency */,
			);
			name = "Book SearchTests";
			productName = "Book SearchTests";
			productReference = 80A6D54E26DB212800BEEF4C /* Book SearchTests.xctest */;
			productType = "com.apple.product-type.bundle.unit-test";
		};
		80A6D55826DB212800BEEF4C /* Book SearchUITests */ = {
			isa = PBXNativeTarget;
			buildConfigurationList = 80A6D56826DB212800BEEF4C /* Build configuration list for PBXNativeTarget "Book SearchUITests" */;
			buildPhases = (
				80A6D55526DB212800BEEF4C /* Sources */,
				80A6D55626DB212800BEEF4C /* Frameworks */,
				80A6D55726DB212800BEEF4C /* Resources */,
			);
			buildRules = (
			);
			dependencies = (
				80A6D55B26DB212800BEEF4C /* PBXTargetDependency */,
			);
			name = "Book SearchUITests";
			productName = "Book SearchUITests";
			productReference = 80A6D55926DB212800BEEF4C /* Book SearchUITests.xctest */;
			productType = "com.apple.product-type.bundle.ui-testing";
		};
/* End PBXNativeTarget section */

/* Begin PBXProject section */
		80A6D52D26DB212500BEEF4C /* Project object */ = {
			isa = PBXProject;
			attributes = {
				LastSwiftUpdateCheck = 1250;
				LastUpgradeCheck = 1250;
				TargetAttributes = {
					80A6D53426DB212500BEEF4C = {
						CreatedOnToolsVersion = 12.5.1;
					};
					80A6D54D26DB212800BEEF4C = {
						CreatedOnToolsVersion = 12.5.1;
						TestTargetID = 80A6D53426DB212500BEEF4C;
					};
					80A6D55826DB212800BEEF4C = {
						CreatedOnToolsVersion = 12.5.1;
						TestTargetID = 80A6D53426DB212500BEEF4C;
					};
				};
			};
			buildConfigurationList = 80A6D53026DB212500BEEF4C /* Build configuration list for PBXProject "Book Search" */;
			compatibilityVersion = "Xcode 9.3";
			developmentRegion = en;
			hasScannedForEncodings = 0;
			knownRegions = (
				en,
				Base,
			);
			mainGroup = 80A6D52C26DB212500BEEF4C;
			productRefGroup = 80A6D53626DB212500BEEF4C /* Products */;
			projectDirPath = "";
			projectRoot = "";
			targets = (
				80A6D53426DB212500BEEF4C /* Book Search */,
				80A6D54D26DB212800BEEF4C /* Book SearchTests */,
				80A6D55826DB212800BEEF4C /* Book SearchUITests */,
			);
		};
/* End PBXProject section */

/* Begin PBXResourcesBuildPhase section */
		80A6D53326DB212500BEEF4C /* Resources */ = {
			isa = PBXResourcesBuildPhase;
			buildActionMask = 2147483647;
			files = (
				80A6D54826DB212800BEEF4C /* LaunchScreen.storyboard in Resources */,
				80A6D54526DB212800BEEF4C /* Preview Assets.xcassets in Resources */,
				80A6D54226DB212800BEEF4C /* Assets.xcassets in Resources */,
			);
			runOnlyForDeploymentPostprocessing = 0;
		};
		80A6D54C26DB212800BEEF4C /* Resources */ = {
			isa = PBXResourcesBuildPhase;
			buildActionMask = 2147483647;
			files = (
			);
			runOnlyForDeploymentPostprocessing = 0;
		};
		80A6D55726DB212800BEEF4C /* Resources */ = {
			isa = PBXResourcesBuildPhase;
			buildActionMask = 2147483647;
			files = (
			);
			runOnlyForDeploymentPostprocessing = 0;
		};
/* End PBXResourcesBuildPhase section */

/* Begin PBXSourcesBuildPhase section */
		80A6D53126DB212500BEEF4C /* Sources */ = {
			isa = PBXSourcesBuildPhase;
			buildActionMask = 2147483647;
			files = (
				80A6D58F26DB9EA400BEEF4C /* BooksList.swift in Sources */,
				80A6D58026DB29C300BEEF4C /* SearchAPI.swift in Sources */,
				80A6D57626DB24FC00BEEF4C /* SearchView.swift in Sources */,
				80A6D59426DB9F5B00BEEF4C /* AsyncImage.swift in Sources */,
				80A6D58426DB2A4200BEEF4C /* Log.swift in Sources */,
				80A6D59126DB9F1000BEEF4C /* BookCell.swift in Sources */,
				808D1DF526DC42C900BE13A0 /* SearchAPIProtocol.swift in Sources */,
				80A6D57A26DB28E300BEEF4C /* SearchViewModel.swift in Sources */,
				80A6D54026DB212500BEEF4C /* Book_Search.xcdatamodeld in Sources */,
				80A6D5A326DBA65100BEEF4C /* CoreDataRepositoryProtocol.swift in Sources */,
				80A6D58226DB29E000BEEF4C /* NetworkManager.swift in Sources */,
				80A6D57826DB251600BEEF4C /* FavoritesView.swift in Sources */,
				80A6D5A026DBA48B00BEEF4C /* CoreDataContextMananger.swift in Sources */,
				80A6D59A26DB9FC800BEEF4C /* ImageCache.swift in Sources */,
				80A6D59826DB9FA600BEEF4C /* EnvironmentValues+ImageCache.swift in Sources */,
				80A6D53926DB212500BEEF4C /* AppDelegate.swift in Sources */,
				808D1DF926DC48F200BE13A0 /* FavoritesViewModelProtocol.swift in Sources */,
				80A6D57E26DB29A900BEEF4C /* Book.swift in Sources */,
				80A6D53B26DB212500BEEF4C /* SceneDelegate.swift in Sources */,
				80A6D59C26DBA1D000BEEF4C /* FavoritesViewModel.swift in Sources */,
				808F4E7E26DBB8910079E76B /* LikeButton.swift in Sources */,
				80A6D58A26DB304F00BEEF4C /* APIDefaults.swift in Sources */,
				80A6D59626DB9F7F00BEEF4C /* ImageLoader.swift in Sources */,
				80A6D53D26DB212500BEEF4C /* MainView.swift in Sources */,
				808D1DF726DC44B400BE13A0 /* SearchRepositoryProtocol.swift in Sources */,
				80A6D57C26DB296C00BEEF4C /* SearchRepository.swift in Sources */,
				80A6D58C26DB30EE00BEEF4C /* Search.swift in Sources */,
				80A6D59E26DBA30C00BEEF4C /* FavoritesRepository.swift in Sources */,
			);
			runOnlyForDeploymentPostprocessing = 0;
		};
		80A6D54A26DB212800BEEF4C /* Sources */ = {
			isa = PBXSourcesBuildPhase;
			buildActionMask = 2147483647;
			files = (
				80A6D55326DB212800BEEF4C /* Book_SearchTests.swift in Sources */,
			);
			runOnlyForDeploymentPostprocessing = 0;
		};
		80A6D55526DB212800BEEF4C /* Sources */ = {
			isa = PBXSourcesBuildPhase;
			buildActionMask = 2147483647;
			files = (
				80A6D55E26DB212800BEEF4C /* Book_SearchUITests.swift in Sources */,
			);
			runOnlyForDeploymentPostprocessing = 0;
		};
/* End PBXSourcesBuildPhase section */

/* Begin PBXTargetDependency section */
		80A6D55026DB212800BEEF4C /* PBXTargetDependency */ = {
			isa = PBXTargetDependency;
			target = 80A6D53426DB212500BEEF4C /* Book Search */;
			targetProxy = 80A6D54F26DB212800BEEF4C /* PBXContainerItemProxy */;
		};
		80A6D55B26DB212800BEEF4C /* PBXTargetDependency */ = {
			isa = PBXTargetDependency;
			target = 80A6D53426DB212500BEEF4C /* Book Search */;
			targetProxy = 80A6D55A26DB212800BEEF4C /* PBXContainerItemProxy */;
		};
/* End PBXTargetDependency section */

/* Begin PBXVariantGroup section */
		80A6D54626DB212800BEEF4C /* LaunchScreen.storyboard */ = {
			isa = PBXVariantGroup;
			children = (
				80A6D54726DB212800BEEF4C /* Base */,
			);
			name = LaunchScreen.storyboard;
			sourceTree = "<group>";
		};
/* End PBXVariantGroup section */

/* Begin XCBuildConfiguration section */
		80A6D56026DB212800BEEF4C /* Debug */ = {
			isa = XCBuildConfiguration;
			buildSettings = {
				ALWAYS_SEARCH_USER_PATHS = NO;
				CLANG_ANALYZER_NONNULL = YES;
				CLANG_ANALYZER_NUMBER_OBJECT_CONVERSION = YES_AGGRESSIVE;
				CLANG_CXX_LANGUAGE_STANDARD = "gnu++14";
				CLANG_CXX_LIBRARY = "libc++";
				CLANG_ENABLE_MODULES = YES;
				CLANG_ENABLE_OBJC_ARC = YES;
				CLANG_ENABLE_OBJC_WEAK = YES;
				CLANG_WARN_BLOCK_CAPTURE_AUTORELEASING = YES;
				CLANG_WARN_BOOL_CONVERSION = YES;
				CLANG_WARN_COMMA = YES;
				CLANG_WARN_CONSTANT_CONVERSION = YES;
				CLANG_WARN_DEPRECATED_OBJC_IMPLEMENTATIONS = YES;
				CLANG_WARN_DIRECT_OBJC_ISA_USAGE = YES_ERROR;
				CLANG_WARN_DOCUMENTATION_COMMENTS = YES;
				CLANG_WARN_EMPTY_BODY = YES;
				CLANG_WARN_ENUM_CONVERSION = YES;
				CLANG_WARN_INFINITE_RECURSION = YES;
				CLANG_WARN_INT_CONVERSION = YES;
				CLANG_WARN_NON_LITERAL_NULL_CONVERSION = YES;
				CLANG_WARN_OBJC_IMPLICIT_RETAIN_SELF = YES;
				CLANG_WARN_OBJC_LITERAL_CONVERSION = YES;
				CLANG_WARN_OBJC_ROOT_CLASS = YES_ERROR;
				CLANG_WARN_QUOTED_INCLUDE_IN_FRAMEWORK_HEADER = YES;
				CLANG_WARN_RANGE_LOOP_ANALYSIS = YES;
				CLANG_WARN_STRICT_PROTOTYPES = YES;
				CLANG_WARN_SUSPICIOUS_MOVE = YES;
				CLANG_WARN_UNGUARDED_AVAILABILITY = YES_AGGRESSIVE;
				CLANG_WARN_UNREACHABLE_CODE = YES;
				CLANG_WARN__DUPLICATE_METHOD_MATCH = YES;
				COPY_PHASE_STRIP = NO;
				DEBUG_INFORMATION_FORMAT = dwarf;
				ENABLE_STRICT_OBJC_MSGSEND = YES;
				ENABLE_TESTABILITY = YES;
				GCC_C_LANGUAGE_STANDARD = gnu11;
				GCC_DYNAMIC_NO_PIC = NO;
				GCC_NO_COMMON_BLOCKS = YES;
				GCC_OPTIMIZATION_LEVEL = 0;
				GCC_PREPROCESSOR_DEFINITIONS = (
					"DEBUG=1",
					"$(inherited)",
				);
				GCC_WARN_64_TO_32_BIT_CONVERSION = YES;
				GCC_WARN_ABOUT_RETURN_TYPE = YES_ERROR;
				GCC_WARN_UNDECLARED_SELECTOR = YES;
				GCC_WARN_UNINITIALIZED_AUTOS = YES_AGGRESSIVE;
				GCC_WARN_UNUSED_FUNCTION = YES;
				GCC_WARN_UNUSED_VARIABLE = YES;
				IPHONEOS_DEPLOYMENT_TARGET = 14.5;
				MTL_ENABLE_DEBUG_INFO = INCLUDE_SOURCE;
				MTL_FAST_MATH = YES;
				ONLY_ACTIVE_ARCH = YES;
				SDKROOT = iphoneos;
				SWIFT_ACTIVE_COMPILATION_CONDITIONS = DEBUG;
				SWIFT_OPTIMIZATION_LEVEL = "-Onone";
			};
			name = Debug;
		};
		80A6D56126DB212800BEEF4C /* Release */ = {
			isa = XCBuildConfiguration;
			buildSettings = {
				ALWAYS_SEARCH_USER_PATHS = NO;
				CLANG_ANALYZER_NONNULL = YES;
				CLANG_ANALYZER_NUMBER_OBJECT_CONVERSION = YES_AGGRESSIVE;
				CLANG_CXX_LANGUAGE_STANDARD = "gnu++14";
				CLANG_CXX_LIBRARY = "libc++";
				CLANG_ENABLE_MODULES = YES;
				CLANG_ENABLE_OBJC_ARC = YES;
				CLANG_ENABLE_OBJC_WEAK = YES;
				CLANG_WARN_BLOCK_CAPTURE_AUTORELEASING = YES;
				CLANG_WARN_BOOL_CONVERSION = YES;
				CLANG_WARN_COMMA = YES;
				CLANG_WARN_CONSTANT_CONVERSION = YES;
				CLANG_WARN_DEPRECATED_OBJC_IMPLEMENTATIONS = YES;
				CLANG_WARN_DIRECT_OBJC_ISA_USAGE = YES_ERROR;
				CLANG_WARN_DOCUMENTATION_COMMENTS = YES;
				CLANG_WARN_EMPTY_BODY = YES;
				CLANG_WARN_ENUM_CONVERSION = YES;
				CLANG_WARN_INFINITE_RECURSION = YES;
				CLANG_WARN_INT_CONVERSION = YES;
				CLANG_WARN_NON_LITERAL_NULL_CONVERSION = YES;
				CLANG_WARN_OBJC_IMPLICIT_RETAIN_SELF = YES;
				CLANG_WARN_OBJC_LITERAL_CONVERSION = YES;
				CLANG_WARN_OBJC_ROOT_CLASS = YES_ERROR;
				CLANG_WARN_QUOTED_INCLUDE_IN_FRAMEWORK_HEADER = YES;
				CLANG_WARN_RANGE_LOOP_ANALYSIS = YES;
				CLANG_WARN_STRICT_PROTOTYPES = YES;
				CLANG_WARN_SUSPICIOUS_MOVE = YES;
				CLANG_WARN_UNGUARDED_AVAILABILITY = YES_AGGRESSIVE;
				CLANG_WARN_UNREACHABLE_CODE = YES;
				CLANG_WARN__DUPLICATE_METHOD_MATCH = YES;
				COPY_PHASE_STRIP = NO;
				DEBUG_INFORMATION_FORMAT = "dwarf-with-dsym";
				ENABLE_NS_ASSERTIONS = NO;
				ENABLE_STRICT_OBJC_MSGSEND = YES;
				GCC_C_LANGUAGE_STANDARD = gnu11;
				GCC_NO_COMMON_BLOCKS = YES;
				GCC_WARN_64_TO_32_BIT_CONVERSION = YES;
				GCC_WARN_ABOUT_RETURN_TYPE = YES_ERROR;
				GCC_WARN_UNDECLARED_SELECTOR = YES;
				GCC_WARN_UNINITIALIZED_AUTOS = YES_AGGRESSIVE;
				GCC_WARN_UNUSED_FUNCTION = YES;
				GCC_WARN_UNUSED_VARIABLE = YES;
				IPHONEOS_DEPLOYMENT_TARGET = 14.5;
				MTL_ENABLE_DEBUG_INFO = NO;
				MTL_FAST_MATH = YES;
				SDKROOT = iphoneos;
				SWIFT_COMPILATION_MODE = wholemodule;
				SWIFT_OPTIMIZATION_LEVEL = "-O";
				VALIDATE_PRODUCT = YES;
			};
			name = Release;
		};
		80A6D56326DB212800BEEF4C /* Debug */ = {
			isa = XCBuildConfiguration;
			buildSettings = {
				ASSETCATALOG_COMPILER_APPICON_NAME = AppIcon;
				ASSETCATALOG_COMPILER_GLOBAL_ACCENT_COLOR_NAME = AccentColor;
				CODE_SIGN_STYLE = Automatic;
				DEVELOPMENT_ASSET_PATHS = "\"Book Search/Preview Content\"";
				DEVELOPMENT_TEAM = 24B9H7Z94K;
				ENABLE_PREVIEWS = YES;
				INFOPLIST_FILE = "Book Search/Resources/Info.plist";
				LD_RUNPATH_SEARCH_PATHS = (
					"$(inherited)",
					"@executable_path/Frameworks",
				);
				PRODUCT_BUNDLE_IDENTIFIER = "br.com.rezena.examples.Book-Search";
				PRODUCT_NAME = "$(TARGET_NAME)";
				SWIFT_VERSION = 5.0;
				TARGETED_DEVICE_FAMILY = "1,2";
			};
			name = Debug;
		};
		80A6D56426DB212800BEEF4C /* Release */ = {
			isa = XCBuildConfiguration;
			buildSettings = {
				ASSETCATALOG_COMPILER_APPICON_NAME = AppIcon;
				ASSETCATALOG_COMPILER_GLOBAL_ACCENT_COLOR_NAME = AccentColor;
				CODE_SIGN_STYLE = Automatic;
				DEVELOPMENT_ASSET_PATHS = "\"Book Search/Preview Content\"";
				DEVELOPMENT_TEAM = 24B9H7Z94K;
				ENABLE_PREVIEWS = YES;
				INFOPLIST_FILE = "Book Search/Resources/Info.plist";
				LD_RUNPATH_SEARCH_PATHS = (
					"$(inherited)",
					"@executable_path/Frameworks",
				);
				PRODUCT_BUNDLE_IDENTIFIER = "br.com.rezena.examples.Book-Search";
				PRODUCT_NAME = "$(TARGET_NAME)";
				SWIFT_VERSION = 5.0;
				TARGETED_DEVICE_FAMILY = "1,2";
			};
			name = Release;
		};
		80A6D56626DB212800BEEF4C /* Debug */ = {
			isa = XCBuildConfiguration;
			buildSettings = {
				ALWAYS_EMBED_SWIFT_STANDARD_LIBRARIES = YES;
				BUNDLE_LOADER = "$(TEST_HOST)";
				CODE_SIGN_STYLE = Automatic;
				DEVELOPMENT_TEAM = 24B9H7Z94K;
				INFOPLIST_FILE = "Book SearchTests/Info.plist";
				IPHONEOS_DEPLOYMENT_TARGET = 14.5;
				LD_RUNPATH_SEARCH_PATHS = (
					"$(inherited)",
					"@executable_path/Frameworks",
					"@loader_path/Frameworks",
				);
				PRODUCT_BUNDLE_IDENTIFIER = "br.com.rezena.examples.Book-SearchTests";
				PRODUCT_NAME = "$(TARGET_NAME)";
				SWIFT_VERSION = 5.0;
				TARGETED_DEVICE_FAMILY = "1,2";
				TEST_HOST = "$(BUILT_PRODUCTS_DIR)/Book Search.app/Book Search";
			};
			name = Debug;
		};
		80A6D56726DB212800BEEF4C /* Release */ = {
			isa = XCBuildConfiguration;
			buildSettings = {
				ALWAYS_EMBED_SWIFT_STANDARD_LIBRARIES = YES;
				BUNDLE_LOADER = "$(TEST_HOST)";
				CODE_SIGN_STYLE = Automatic;
				DEVELOPMENT_TEAM = 24B9H7Z94K;
				INFOPLIST_FILE = "Book SearchTests/Info.plist";
				IPHONEOS_DEPLOYMENT_TARGET = 14.5;
				LD_RUNPATH_SEARCH_PATHS = (
					"$(inherited)",
					"@executable_path/Frameworks",
					"@loader_path/Frameworks",
				);
				PRODUCT_BUNDLE_IDENTIFIER = "br.com.rezena.examples.Book-SearchTests";
				PRODUCT_NAME = "$(TARGET_NAME)";
				SWIFT_VERSION = 5.0;
				TARGETED_DEVICE_FAMILY = "1,2";
				TEST_HOST = "$(BUILT_PRODUCTS_DIR)/Book Search.app/Book Search";
			};
			name = Release;
		};
		80A6D56926DB212800BEEF4C /* Debug */ = {
			isa = XCBuildConfiguration;
			buildSettings = {
				ALWAYS_EMBED_SWIFT_STANDARD_LIBRARIES = YES;
				CODE_SIGN_STYLE = Automatic;
				DEVELOPMENT_TEAM = 24B9H7Z94K;
				INFOPLIST_FILE = "Book SearchUITests/Info.plist";
				LD_RUNPATH_SEARCH_PATHS = (
					"$(inherited)",
					"@executable_path/Frameworks",
					"@loader_path/Frameworks",
				);
				PRODUCT_BUNDLE_IDENTIFIER = "br.com.rezena.examples.Book-SearchUITests";
				PRODUCT_NAME = "$(TARGET_NAME)";
				SWIFT_VERSION = 5.0;
				TARGETED_DEVICE_FAMILY = "1,2";
				TEST_TARGET_NAME = "Book Search";
			};
			name = Debug;
		};
		80A6D56A26DB212800BEEF4C /* Release */ = {
			isa = XCBuildConfiguration;
			buildSettings = {
				ALWAYS_EMBED_SWIFT_STANDARD_LIBRARIES = YES;
				CODE_SIGN_STYLE = Automatic;
				DEVELOPMENT_TEAM = 24B9H7Z94K;
				INFOPLIST_FILE = "Book SearchUITests/Info.plist";
				LD_RUNPATH_SEARCH_PATHS = (
					"$(inherited)",
					"@executable_path/Frameworks",
					"@loader_path/Frameworks",
				);
				PRODUCT_BUNDLE_IDENTIFIER = "br.com.rezena.examples.Book-SearchUITests";
				PRODUCT_NAME = "$(TARGET_NAME)";
				SWIFT_VERSION = 5.0;
				TARGETED_DEVICE_FAMILY = "1,2";
				TEST_TARGET_NAME = "Book Search";
			};
			name = Release;
		};
/* End XCBuildConfiguration section */

/* Begin XCConfigurationList section */
		80A6D53026DB212500BEEF4C /* Build configuration list for PBXProject "Book Search" */ = {
			isa = XCConfigurationList;
			buildConfigurations = (
				80A6D56026DB212800BEEF4C /* Debug */,
				80A6D56126DB212800BEEF4C /* Release */,
			);
			defaultConfigurationIsVisible = 0;
			defaultConfigurationName = Release;
		};
		80A6D56226DB212800BEEF4C /* Build configuration list for PBXNativeTarget "Book Search" */ = {
			isa = XCConfigurationList;
			buildConfigurations = (
				80A6D56326DB212800BEEF4C /* Debug */,
				80A6D56426DB212800BEEF4C /* Release */,
			);
			defaultConfigurationIsVisible = 0;
			defaultConfigurationName = Release;
		};
		80A6D56526DB212800BEEF4C /* Build configuration list for PBXNativeTarget "Book SearchTests" */ = {
			isa = XCConfigurationList;
			buildConfigurations = (
				80A6D56626DB212800BEEF4C /* Debug */,
				80A6D56726DB212800BEEF4C /* Release */,
			);
			defaultConfigurationIsVisible = 0;
			defaultConfigurationName = Release;
		};
		80A6D56826DB212800BEEF4C /* Build configuration list for PBXNativeTarget "Book SearchUITests" */ = {
			isa = XCConfigurationList;
			buildConfigurations = (
				80A6D56926DB212800BEEF4C /* Debug */,
				80A6D56A26DB212800BEEF4C /* Release */,
			);
			defaultConfigurationIsVisible = 0;
			defaultConfigurationName = Release;
		};
/* End XCConfigurationList section */

/* Begin XCVersionGroup section */
		80A6D53E26DB212500BEEF4C /* Book_Search.xcdatamodeld */ = {
			isa = XCVersionGroup;
			children = (
				80A6D53F26DB212500BEEF4C /* Book_Search.xcdatamodel */,
			);
			currentVersion = 80A6D53F26DB212500BEEF4C /* Book_Search.xcdatamodel */;
			path = Book_Search.xcdatamodeld;
			sourceTree = "<group>";
			versionGroupType = wrapper.xcdatamodel;
		};
/* End XCVersionGroup section */
	};
	rootObject = 80A6D52D26DB212500BEEF4C /* Project object */;
}
